
Microsoft Visual Studio Solution File, Format Version 10.00
# Visual Studio 2008
Project("{8BC9CEB8-8B4A-11D0-8D11-00A0C91BC942}") = "cuda_FFT", "cuda_FFT\cuda_FFT.vcproj", "{605B0C42-893B-4164-865C-C1FCA43D6E60}"
EndProject
Global
	GlobalSection(SolutionConfigurationPlatforms) = preSolution
		Debug|Win32 = Debug|Win32
		Release|Win32 = Release|Win32
	EndGlobalSection
	GlobalSection(ProjectConfigurationPlatforms) = postSolution
		{605B0C42-893B-4164-865C-C1FCA43D6E60}.Debug|Win32.ActiveCfg = Debug|Win32
		{605B0C42-893B-4164-865C-C1FCA43D6E60}.Debug|Win32.Build.0 = Debug|Win32
		{605B0C42-893B-4164-865C-C1FCA43D6E60}.Release|Win32.ActiveCfg = Release|Win32
		{605B0C42-893B-4164-865C-C1FCA43D6E60}.Release|Win32.Build.0 = Release|Win32
	EndGlobalSection
	GlobalSection(SolutionProperties) = preSolution
		HideSolutionNode = FALSE
	EndGlobalSection
EndGlobal
